
Microsoft Visual Studio Solution File, Format Version 12.00
# Visual Studio 15
Project("{FAE04EC0-301F-11D3-BF4B-00C04F79EFBC}") = "Assembly-CSharp", "Assembly-CSharp.csproj", "{2196DE56-F816-371B-28B8-1836AF7E785F}"
EndProject
Project("{FAE04EC0-301F-11D3-BF4B-00C04F79EFBC}") = "LeanTouch", "LeanTouch.csproj", "{407156CF-F98C-46A6-6244-46882215BFD5}"
EndProject
Project("{FAE04EC0-301F-11D3-BF4B-00C04F79EFBC}") = "LeanCommon", "LeanCommon.csproj", "{2D61F712-C82A-CED6-A17C-AE67FFC9335B}"
EndProject
Project("{FAE04EC0-301F-11D3-BF4B-00C04F79EFBC}") = "Assembly-CSharp-Editor", "Assembly-CSharp-Editor.csproj", "{683825E8-4DD3-17F1-C495-00DC8CDB9038}"
EndProject
Global
	GlobalSection(SolutionConfigurationPlatforms) = preSolution
		Debug|Any CPU = Debug|Any CPU
		Release|Any CPU = Release|Any CPU
	EndGlobalSection
	GlobalSection(ProjectConfigurationPlatforms) = postSolution
		{2196DE56-F816-371B-28B8-1836AF7E785F}.Debug|Any CPU.ActiveCfg = Debug|Any CPU
		{2196DE56-F816-371B-28B8-1836AF7E785F}.Debug|Any CPU.Build.0 = Debug|Any CPU
		{2196DE56-F816-371B-28B8-1836AF7E785F}.Release|Any CPU.ActiveCfg = Release|Any CPU
		{2196DE56-F816-371B-28B8-1836AF7E785F}.Release|Any CPU.Build.0 = Release|Any CPU
		{407156CF-F98C-46A6-6244-46882215BFD5}.Debug|Any CPU.ActiveCfg = Debug|Any CPU
		{407156CF-F98C-46A6-6244-46882215BFD5}.Debug|Any CPU.Build.0 = Debug|Any CPU
		{407156CF-F98C-46A6-6244-46882215BFD5}.Release|Any CPU.ActiveCfg = Release|Any CPU
		{407156CF-F98C-46A6-6244-46882215BFD5}.Release|Any CPU.Build.0 = Release|Any CPU
		{2D61F712-C82A-CED6-A17C-AE67FFC9335B}.Debug|Any CPU.ActiveCfg = Debug|Any CPU
		{2D61F712-C82A-CED6-A17C-AE67FFC9335B}.Debug|Any CPU.Build.0 = Debug|Any CPU
		{2D61F712-C82A-CED6-A17C-AE67FFC9335B}.Release|Any CPU.ActiveCfg = Release|Any CPU
		{2D61F712-C82A-CED6-A17C-AE67FFC9335B}.Release|Any CPU.Build.0 = Release|Any CPU
		{683825E8-4DD3-17F1-C495-00DC8CDB9038}.Debug|Any CPU.ActiveCfg = Debug|Any CPU
		{683825E8-4DD3-17F1-C495-00DC8CDB9038}.Debug|Any CPU.Build.0 = Debug|Any CPU
		{683825E8-4DD3-17F1-C495-00DC8CDB9038}.Release|Any CPU.ActiveCfg = Release|Any CPU
		{683825E8-4DD3-17F1-C495-00DC8CDB9038}.Release|Any CPU.Build.0 = Release|Any CPU
	EndGlobalSection
	GlobalSection(SolutionProperties) = preSolution
		HideSolutionNode = FALSE
	EndGlobalSection
EndGlobal
